
Microsoft Visual Studio Solution File, Format Version 12.00
# Visual Studio Version 17
VisualStudioVersion = 17.4.33103.184
MinimumVisualStudioVersion = 10.0.40219.1
Project("{FAE04EC0-301F-11D3-BF4B-00C04F79EFBC}") = "WebService_Prueba", "WebService_Prueba\WebService_Prueba.csproj", "{FC7C997F-A84B-4EF3-A55B-14394825B841}"
EndProject
Project("{FAE04EC0-301F-11D3-BF4B-00C04F79EFBC}") = "Datos_Clima", "Datos_Clima\Datos_Clima.csproj", "{AA49C4F2-D6B4-4DDF-BB56-086832E4F309}"
EndProject
Project("{FAE04EC0-301F-11D3-BF4B-00C04F79EFBC}") = "Logica_Clima", "Logica_Clima\Logica_Clima.csproj", "{57BE47DF-752E-438F-9B69-B24195775C7D}"
EndProject
Global
	GlobalSection(SolutionConfigurationPlatforms) = preSolution
		Debug|Any CPU = Debug|Any CPU
		Release|Any CPU = Release|Any CPU
	EndGlobalSection
	GlobalSection(ProjectConfigurationPlatforms) = postSolution
		{FC7C997F-A84B-4EF3-A55B-14394825B841}.Debug|Any CPU.ActiveCfg = Debug|Any CPU
		{FC7C997F-A84B-4EF3-A55B-14394825B841}.Debug|Any CPU.Build.0 = Debug|Any CPU
		{FC7C997F-A84B-4EF3-A55B-14394825B841}.Release|Any CPU.ActiveCfg = Release|Any CPU
		{FC7C997F-A84B-4EF3-A55B-14394825B841}.Release|Any CPU.Build.0 = Release|Any CPU
		{AA49C4F2-D6B4-4DDF-BB56-086832E4F309}.Debug|Any CPU.ActiveCfg = Debug|Any CPU
		{AA49C4F2-D6B4-4DDF-BB56-086832E4F309}.Debug|Any CPU.Build.0 = Debug|Any CPU
		{AA49C4F2-D6B4-4DDF-BB56-086832E4F309}.Release|Any CPU.ActiveCfg = Release|Any CPU
		{AA49C4F2-D6B4-4DDF-BB56-086832E4F309}.Release|Any CPU.Build.0 = Release|Any CPU
		{57BE47DF-752E-438F-9B69-B24195775C7D}.Debug|Any CPU.ActiveCfg = Debug|Any CPU
		{57BE47DF-752E-438F-9B69-B24195775C7D}.Debug|Any CPU.Build.0 = Debug|Any CPU
		{57BE47DF-752E-438F-9B69-B24195775C7D}.Release|Any CPU.ActiveCfg = Release|Any CPU
		{57BE47DF-752E-438F-9B69-B24195775C7D}.Release|Any CPU.Build.0 = Release|Any CPU
	EndGlobalSection
	GlobalSection(SolutionProperties) = preSolution
		HideSolutionNode = FALSE
	EndGlobalSection
	GlobalSection(ExtensibilityGlobals) = postSolution
		SolutionGuid = {AE7F0113-FC5D-4730-8B4E-922A04DCD7E7}
	EndGlobalSection
EndGlobal
